schema: '2.0'
stages:
  preprocess:
    cmd: python scripts/preprocess.py
    deps:
    - path: data/raw/events.csv
      hash: md5
      md5: fddaf7c1c6a9df23a726500a08ffdd7e
      size: 94237913
    - path: scripts/preprocess.py
      hash: md5
      md5: 6fd97e2cf42cbfa4793eb0b6774a1bdc
      size: 1552
    - path: src/data/loader.py
      hash: md5
      md5: b157b7f183400bcab39210453aef353d
      size: 3291
    - path: src/data/preprocessor.py
      hash: md5
      md5: 48f7f6d2924665e8a07e8676228e11a2
      size: 3906
    params:
      params.yaml:
        preprocess.min_item: 5
        preprocess.min_user: 5
    outs:
    - path: data/processed/interactions.parquet
      hash: md5
      md5: b11dce6929d8f02945648cc723766a18
      size: 1303617
  feature_eng:
    cmd: python scripts/feature_eng.py
    deps:
    - path: data/processed/interactions.parquet
      hash: md5
      md5: b11dce6929d8f02945648cc723766a18
      size: 1303617
    - path: scripts/feature_eng.py
      hash: md5
      md5: db7ac0afd05d13d5dfddb7869a529e56
      size: 2760
    - path: src/features/engineering.py
      hash: md5
      md5: 850eb3fc118abfda361e53699dc06562
      size: 2520
    params:
      params.yaml:
        feature_eng.seed: 42
        feature_eng.test_size: 0.1
        feature_eng.val_size: 0.1
    outs:
    - path: data/processed/encoders.pkl
      hash: md5
      md5: 2ac167ea1c419895d13e1f43aa10feff
      size: 491276
    - path: data/processed/metadata.json
      hash: md5
      md5: aa7238d7e6c162b938e55431cf03ae38
      size: 40
    - path: data/processed/test.parquet
      hash: md5
      md5: 13aa281e90d905db792523a1e7cb1b30
      size: 532701
    - path: data/processed/train.parquet
      hash: md5
      md5: 33f9b59f767f3123a88af6ff8154b310
      size: 2591900
    - path: data/processed/val.parquet
      hash: md5
      md5: 312bebb4568784c375e650f7e615661d
      size: 530593
  train:
    cmd: python scripts/train.py
    deps:
    - path: data/processed/metadata.json
      hash: md5
      md5: aa7238d7e6c162b938e55431cf03ae38
      size: 40
    - path: data/processed/train.parquet
      hash: md5
      md5: 33f9b59f767f3123a88af6ff8154b310
      size: 2591900
    - path: data/processed/val.parquet
      hash: md5
      md5: 312bebb4568784c375e650f7e615661d
      size: 530593
    - path: scripts/train.py
      hash: md5
      md5: cd7f7543b3b2263856349176fc00b37a
      size: 4271
    - path: src/models/dataset.py
      hash: md5
      md5: cbdf4dde74422955e6df935c44415241
      size: 1236
    - path: src/models/factory.py
      hash: md5
      md5: 5662f44b50a8919947eb27a008291029
      size: 4161
    - path: src/training/trainer.py
      hash: md5
      md5: 8a932083b5a2922617fd7d3b25109a6d
      size: 7445
    params:
      params.yaml:
        train.batch_size: 512
        train.dropout: 0.3
        train.early_stopping_patience: 5
        train.embedding_dim: 64
        train.hidden_dims:
        - 256
        - 128
        - 64
        train.learning_rate: 0.001
        train.max_epochs: 50
        train.seed: 42
    outs:
    - path: models/best_model.pt
      hash: md5
      md5: ef652cc046ca367e1f6549ff3e61cafd
      size: 16010594
  evaluate:
    cmd: python scripts/evaluate.py
    deps:
    - path: data/processed/metadata.json
      hash: md5
      md5: aa7238d7e6c162b938e55431cf03ae38
      size: 40
    - path: data/processed/test.parquet
      hash: md5
      md5: 13aa281e90d905db792523a1e7cb1b30
      size: 532701
    - path: data/processed/train.parquet
      hash: md5
      md5: 33f9b59f767f3123a88af6ff8154b310
      size: 2591900
    - path: models/best_model.pt
      hash: md5
      md5: ef652cc046ca367e1f6549ff3e61cafd
      size: 16010594
    - path: scripts/evaluate.py
      hash: md5
      md5: 962306470f970549535289ee66b6ebf7
      size: 8116
    - path: src/evaluation/metrics.py
      hash: md5
      md5: 27a67b658d979263791854d4f6d28370
      size: 3213
    - path: src/models/baseline.py
      hash: md5
      md5: 1ca12c254a20a1f650edd55cf5966873
      size: 4614
    params:
      params.yaml:
        evaluate.eval_users: 500
        evaluate.n_svd_components: 50
        evaluate.seed: 42
        evaluate.top_k: 10
        train.dropout: 0.3
        train.embedding_dim: 64
        train.hidden_dims:
        - 256
        - 128
        - 64
    outs:
    - path: data/processed/metrics.json
      hash: md5
      md5: ee53d57f1223e97e665c49a822d806ab
      size: 114
    - path: data/processed/metrics_comparison.csv
      hash: md5
      md5: 47489c2ab267528171dda472e5f6c4cc
      size: 246
